// !$*UTF8*$!
{
	archiveVersion = 1;
	classes = {
	};
	objectVersion = 50;
	objects = {

/* Begin PBXBuildFile section */
		3894B8812271E0A400F617EB /* AppDelegate.swift in Sources */ = {isa = PBXBuildFile; fileRef = 3894B8802271E0A400F617EB /* AppDelegate.swift */; };
		3894B8832271E0A400F617EB /* ViewController.swift in Sources */ = {isa = PBXBuildFile; fileRef = 3894B8822271E0A400F617EB /* ViewController.swift */; };
		3894B8862271E0A400F617EB /* Main.storyboard in Resources */ = {isa = PBXBuildFile; fileRef = 3894B8842271E0A400F617EB /* Main.storyboard */; };
		3894B8882271E0AD00F617EB /* Assets.xcassets in Resources */ = {isa = PBXBuildFile; fileRef = 3894B8872271E0AD00F617EB /* Assets.xcassets */; };
		3894B88B2271E0AD00F617EB /* LaunchScreen.storyboard in Resources */ = {isa = PBXBuildFile; fileRef = 3894B8892271E0AD00F617EB /* LaunchScreen.storyboard */; };
		3894B8932271E0C200F617EB /* Modelo.swift in Sources */ = {isa = PBXBuildFile; fileRef = 3894B8922271E0C200F617EB /* Modelo.swift */; };
		3894B895227210E600F617EB /* TryTableViewCell.swift in Sources */ = {isa = PBXBuildFile; fileRef = 3894B894227210E600F617EB /* TryTableViewCell.swift */; };
		3894B897227215C600F617EB /* MainTableViewController.swift in Sources */ = {isa = PBXBuildFile; fileRef = 3894B896227215C600F617EB /* MainTableViewController.swift */; };
/* End PBXBuildFile section */

/* Begin PBXFileReference section */
		3894B87D2271E0A400F617EB /* TryParse.app */ = {isa = PBXFileReference; explicitFileType = wrapper.application; includeInIndex = 0; path = TryParse.app; sourceTree = BUILT_PRODUCTS_DIR; };
		3894B8802271E0A400F617EB /* AppDelegate.swift */ = {isa = PBXFileReference; lastKnownFileType = sourcecode.swift; path = AppDelegate.swift; sourceTree = "<group>"; };
		3894B8822271E0A400F617EB /* ViewController.swift */ = {isa = PBXFileReference; lastKnownFileType = sourcecode.swift; path = ViewController.swift; sourceTree = "<group>"; };
		3894B8852271E0A400F617EB /* Base */ = {isa = PBXFileReference; lastKnownFileType = file.storyboard; name = Base; path = Base.lproj/Main.storyboard; sourceTree = "<group>"; };
		3894B8872271E0AD00F617EB /* Assets.xcassets */ = {isa = PBXFileReference; lastKnownFileType = folder.assetcatalog; path = Assets.xcassets; sourceTree = "<group>"; };
		3894B88A2271E0AD00F617EB /* Base */ = {isa = PBXFileReference; lastKnownFileType = file.storyboard; name = Base; path = Base.lproj/LaunchScreen.storyboard; sourceTree = "<group>"; };
		3894B88C2271E0AD00F617EB /* Info.plist */ = {isa = PBXFileReference; lastKnownFileType = text.plist.xml; path = Info.plist; sourceTree = "<group>"; };
		3894B8922271E0C200F617EB /* Modelo.swift */ = {isa = PBXFileReference; lastKnownFileType = sourcecode.swift; path = Modelo.swift; sourceTree = "<group>"; };
		3894B894227210E600F617EB /* TryTableViewCell.swift */ = {isa = PBXFileReference; lastKnownFileType = sourcecode.swift; path = TryTableViewCell.swift; sourceTree = "<group>"; };
		3894B896227215C600F617EB /* MainTableViewController.swift */ = {isa = PBXFileReference; lastKnownFileType = sourcecode.swift; path = MainTableViewController.swift; sourceTree = "<group>"; };
/* End PBXFileReference section */

/* Begin PBXFrameworksBuildPhase section */
		3894B87A2271E0A400F617EB /* Frameworks */ = {
			isa = PBXFrameworksBuildPhase;
			buildActionMask = 2147483647;
			files = (
			);
			runOnlyForDeploymentPostprocessing = 0;
		};
/* End PBXFrameworksBuildPhase section */

/* Begin PBXGroup section */
		3894B8742271E0A400F617EB = {
			isa = PBXGroup;
			children = (
				3894B87F2271E0A400F617EB /* TryParse */,
				3894B87E2271E0A400F617EB /* Products */,
			);
			sourceTree = "<group>";
		};
		3894B87E2271E0A400F617EB /* Products */ = {
			isa = PBXGroup;
			children = (
				3894B87D2271E0A400F617EB /* TryParse.app */,
			);
			name = Products;
			sourceTree = "<group>";
		};
		3894B87F2271E0A400F617EB /* TryParse */ = {
			isa = PBXGroup;
			children = (
				3894B8802271E0A400F617EB /* AppDelegate.swift */,
				3894B8822271E0A400F617EB /* ViewController.swift */,
				3894B894227210E600F617EB /* TryTableViewCell.swift */,
				3894B8922271E0C200F617EB /* Modelo.swift */,
				3894B8872271E0AD00F617EB /* Assets.xcassets */,
				3894B8842271E0A400F617EB /* Main.storyboard */,
				3894B8892271E0AD00F617EB /* LaunchScreen.storyboard */,
				3894B88C2271E0AD00F617EB /* Info.plist */,
				3894B896227215C600F617EB /* MainTableViewController.swift */,
			);
			path = TryParse;
			sourceTree = "<group>";
		};
/* End PBXGroup section */

/* Begin PBXNativeTarget section */
		3894B87C2271E0A400F617EB /* TryParse */ = {
			isa = PBXNativeTarget;
			buildConfigurationList = 3894B88F2271E0AE00F617EB /* Build configuration list for PBXNativeTarget "TryParse" */;
			buildPhases = (
				3894B8792271E0A400F617EB /* Sources */,
				3894B87A2271E0A400F617EB /* Frameworks */,
				3894B87B2271E0A400F617EB /* Resources */,
			);
			buildRules = (
			);
			dependencies = (
			);
			name = TryParse;
			productName = TryParse;
			productReference = 3894B87D2271E0A400F617EB /* TryParse.app */;
			productType = "com.apple.product-type.application";
		};
/* End PBXNativeTarget section */

/* Begin PBXProject section */
		3894B8752271E0A400F617EB /* Project object */ = {
			isa = PBXProject;
			attributes = {
				LastSwiftUpdateCheck = 1020;
				LastUpgradeCheck = 1020;
				ORGANIZATIONNAME = "Rafa Cosin";
				TargetAttributes = {
					3894B87C2271E0A400F617EB = {
						CreatedOnToolsVersion = 10.2.1;
					};
				};
			};
			buildConfigurationList = 3894B8782271E0A400F617EB /* Build configuration list for PBXProject "TryParse" */;
			compatibilityVersion = "Xcode 9.3";
			developmentRegion = en;
			hasScannedForEncodings = 0;
			knownRegions = (
				en,
				Base,
			);
			mainGroup = 3894B8742271E0A400F617EB;
			productRefGroup = 3894B87E2271E0A400F617EB /* Products */;
			projectDirPath = "";
			projectRoot = "";
			targets = (
				3894B87C2271E0A400F617EB /* TryParse */,
			);
		};
/* End PBXProject section */

/* Begin PBXResourcesBuildPhase section */
		3894B87B2271E0A400F617EB /* Resources */ = {
			isa = PBXResourcesBuildPhase;
			buildActionMask = 2147483647;
			files = (
				3894B88B2271E0AD00F617EB /* LaunchScreen.storyboard in Resources */,
				3894B8882271E0AD00F617EB /* Assets.xcassets in Resources */,
				3894B8862271E0A400F617EB /* Main.storyboard in Resources */,
			);
			runOnlyForDeploymentPostprocessing = 0;
		};
/* End PBXResourcesBuildPhase section */

/* Begin PBXSourcesBuildPhase section */
		3894B8792271E0A400F617EB /* Sources */ = {
			isa = PBXSourcesBuildPhase;
			buildActionMask = 2147483647;
			files = (
				3894B8932271E0C200F617EB /* Modelo.swift in Sources */,
				3894B8832271E0A400F617EB /* ViewController.swift in Sources */,
				3894B8812271E0A400F617EB /* AppDelegate.swift in Sources */,
				3894B897227215C600F617EB /* MainTableViewController.swift in Sources */,
				3894B895227210E600F617EB /* TryTableViewCell.swift in Sources */,
			);
			runOnlyForDeploymentPostprocessing = 0;
		};
/* End PBXSourcesBuildPhase section */

/* Begin PBXVariantGroup section */
		3894B8842271E0A400F617EB /* Main.storyboard */ = {
			isa = PBXVariantGroup;
			children = (
				3894B8852271E0A400F617EB /* Base */,
			);
			name = Main.storyboard;
			sourceTree = "<group>";
		};
		3894B8892271E0AD00F617EB /* LaunchScreen.storyboard */ = {
			isa = PBXVariantGroup;
			children = (
				3894B88A2271E0AD00F617EB /* Base */,
			);
			name = LaunchScreen.storyboard;
			sourceTree = "<group>";
		};
/* End PBXVariantGroup section */

/* Begin XCBuildConfiguration section */
		3894B88D2271E0AD00F617EB /* Debug */ = {
			isa = XCBuildConfiguration;
			buildSettings = {
				ALWAYS_SEARCH_USER_PATHS = NO;
				CLANG_ANALYZER_NONNULL = YES;
				CLANG_ANALYZER_NUMBER_OBJECT_CONVERSION = YES_AGGRESSIVE;
				CLANG_CXX_LANGUAGE_STANDARD = "gnu++14";
				CLANG_CXX_LIBRARY = "libc++";
				CLANG_ENABLE_MODULES = YES;
				CLANG_ENABLE_OBJC_ARC = YES;
				CLANG_ENABLE_OBJC_WEAK = YES;
				CLANG_WARN_BLOCK_CAPTURE_AUTORELEASING = YES;
				CLANG_WARN_BOOL_CONVERSION = YES;
				CLANG_WARN_COMMA = YES;
				CLANG_WARN_CONSTANT_CONVERSION = YES;
				CLANG_WARN_DEPRECATED_OBJC_IMPLEMENTATIONS = YES;
				CLANG_WARN_DIRECT_OBJC_ISA_USAGE = YES_ERROR;
				CLANG_WARN_DOCUMENTATION_COMMENTS = YES;
				CLANG_WARN_EMPTY_BODY = YES;
				CLANG_WARN_ENUM_CONVERSION = YES;
				CLANG_WARN_INFINITE_RECURSION = YES;
				CLANG_WARN_INT_CONVERSION = YES;
				CLANG_WARN_NON_LITERAL_NULL_CONVERSION = YES;
				CLANG_WARN_OBJC_IMPLICIT_RETAIN_SELF = YES;
				CLANG_WARN_OBJC_LITERAL_CONVERSION = YES;
				CLANG_WARN_OBJC_ROOT_CLASS = YES_ERROR;
				CLANG_WARN_RANGE_LOOP_ANALYSIS = YES;
				CLANG_WARN_STRICT_PROTOTYPES = YES;
				CLANG_WARN_SUSPICIOUS_MOVE = YES;
				CLANG_WARN_UNGUARDED_AVAILABILITY = YES_AGGRESSIVE;
				CLANG_WARN_UNREACHABLE_CODE = YES;
				CLANG_WARN__DUPLICATE_METHOD_MATCH = YES;
				CODE_SIGN_IDENTITY = "iPhone Developer";
				COPY_PHASE_STRIP = NO;
				DEBUG_INFORMATION_FORMAT = dwarf;
				ENABLE_STRICT_OBJC_MSGSEND = YES;
				ENABLE_TESTABILITY = YES;
				GCC_C_LANGUAGE_STANDARD = gnu11;
				GCC_DYNAMIC_NO_PIC = NO;
				GCC_NO_COMMON_BLOCKS = YES;
				GCC_OPTIMIZATION_LEVEL = 0;
				GCC_PREPROCESSOR_DEFINITIONS = (
					"DEBUG=1",
					"$(inherited)",
				);
				GCC_WARN_64_TO_32_BIT_CONVERSION = YES;
				GCC_WARN_ABOUT_RETURN_TYPE = YES_ERROR;
				GCC_WARN_UNDECLARED_SELECTOR = YES;
				GCC_WARN_UNINITIALIZED_AUTOS = YES_AGGRESSIVE;
				GCC_WARN_UNUSED_FUNCTION = YES;
				GCC_WARN_UNUSED_VARIABLE = YES;
				IPHONEOS_DEPLOYMENT_TARGET = 12.2;
				MTL_ENABLE_DEBUG_INFO = INCLUDE_SOURCE;
				MTL_FAST_MATH = YES;
				ONLY_ACTIVE_ARCH = YES;
				SDKROOT = iphoneos;
				SWIFT_ACTIVE_COMPILATION_CONDITIONS = DEBUG;
				SWIFT_OPTIMIZATION_LEVEL = "-Onone";
			};
			name = Debug;
		};
		3894B88E2271E0AD00F617EB /* Release */ = {
			isa = XCBuildConfiguration;
			buildSettings = {
				ALWAYS_SEARCH_USER_PATHS = NO;
				CLANG_ANALYZER_NONNULL = YES;
				CLANG_ANALYZER_NUMBER_OBJECT_CONVERSION = YES_AGGRESSIVE;
				CLANG_CXX_LANGUAGE_STANDARD = "gnu++14";
				CLANG_CXX_LIBRARY = "libc++";
				CLANG_ENABLE_MODULES = YES;
				CLANG_ENABLE_OBJC_ARC = YES;
				CLANG_ENABLE_OBJC_WEAK = YES;
				CLANG_WARN_BLOCK_CAPTURE_AUTORELEASING = YES;
				CLANG_WARN_BOOL_CONVERSION = YES;
				CLANG_WARN_COMMA = YES;
				CLANG_WARN_CONSTANT_CONVERSION = YES;
				CLANG_WARN_DEPRECATED_OBJC_IMPLEMENTATIONS = YES;
				CLANG_WARN_DIRECT_OBJC_ISA_USAGE = YES_ERROR;
				CLANG_WARN_DOCUMENTATION_COMMENTS = YES;
				CLANG_WARN_EMPTY_BODY = YES;
				CLANG_WARN_ENUM_CONVERSION = YES;
				CLANG_WARN_INFINITE_RECURSION = YES;
				CLANG_WARN_INT_CONVERSION = YES;
				CLANG_WARN_NON_LITERAL_NULL_CONVERSION = YES;
				CLANG_WARN_OBJC_IMPLICIT_RETAIN_SELF = YES;
				CLANG_WARN_OBJC_LITERAL_CONVERSION = YES;
				CLANG_WARN_OBJC_ROOT_CLASS = YES_ERROR;
				CLANG_WARN_RANGE_LOOP_ANALYSIS = YES;
				CLANG_WARN_STRICT_PROTOTYPES = YES;
				CLANG_WARN_SUSPICIOUS_MOVE = YES;
				CLANG_WARN_UNGUARDED_AVAILABILITY = YES_AGGRESSIVE;
				CLANG_WARN_UNREACHABLE_CODE = YES;
				CLANG_WARN__DUPLICATE_METHOD_MATCH = YES;
				CODE_SIGN_IDENTITY = "iPhone Developer";
				COPY_PHASE_STRIP = NO;
				DEBUG_INFORMATION_FORMAT = "dwarf-with-dsym";
				ENABLE_NS_ASSERTIONS = NO;
				ENABLE_STRICT_OBJC_MSGSEND = YES;
				GCC_C_LANGUAGE_STANDARD = gnu11;
				GCC_NO_COMMON_BLOCKS = YES;
				GCC_WARN_64_TO_32_BIT_CONVERSION = YES;
				GCC_WARN_ABOUT_RETURN_TYPE = YES_ERROR;
				GCC_WARN_UNDECLARED_SELECTOR = YES;
				GCC_WARN_UNINITIALIZED_AUTOS = YES_AGGRESSIVE;
				GCC_WARN_UNUSED_FUNCTION = YES;
				GCC_WARN_UNUSED_VARIABLE = YES;
				IPHONEOS_DEPLOYMENT_TARGET = 12.2;
				MTL_ENABLE_DEBUG_INFO = NO;
				MTL_FAST_MATH = YES;
				SDKROOT = iphoneos;
				SWIFT_COMPILATION_MODE = wholemodule;
				SWIFT_OPTIMIZATION_LEVEL = "-O";
				VALIDATE_PRODUCT = YES;
			};
			name = Release;
		};
		3894B8902271E0AE00F617EB /* Debug */ = {
			isa = XCBuildConfiguration;
			buildSettings = {
				ASSETCATALOG_COMPILER_APPICON_NAME = AppIcon;
				CODE_SIGN_STYLE = Automatic;
				DEVELOPMENT_TEAM = 9EDZ5LUZ76;
				INFOPLIST_FILE = TryParse/Info.plist;
				LD_RUNPATH_SEARCH_PATHS = (
					"$(inherited)",
					"@executable_path/Frameworks",
				);
				PRODUCT_BUNDLE_IDENTIFIER = com.rafacosin.TryParse;
				PRODUCT_NAME = "$(TARGET_NAME)";
				SWIFT_VERSION = 5.0;
				TARGETED_DEVICE_FAMILY = "1,2";
			};
			name = Debug;
		};
		3894B8912271E0AE00F617EB /* Release */ = {
			isa = XCBuildConfiguration;
			buildSettings = {
				ASSETCATALOG_COMPILER_APPICON_NAME = AppIcon;
				CODE_SIGN_STYLE = Automatic;
				DEVELOPMENT_TEAM = 9EDZ5LUZ76;
				INFOPLIST_FILE = TryParse/Info.plist;
				LD_RUNPATH_SEARCH_PATHS = (
					"$(inherited)",
					"@executable_path/Frameworks",
				);
				PRODUCT_BUNDLE_IDENTIFIER = com.rafacosin.TryParse;
				PRODUCT_NAME = "$(TARGET_NAME)";
				SWIFT_VERSION = 5.0;
				TARGETED_DEVICE_FAMILY = "1,2";
			};
			name = Release;
		};
/* End XCBuildConfiguration section */

/* Begin XCConfigurationList section */
		3894B8782271E0A400F617EB /* Build configuration list for PBXProject "TryParse" */ = {
			isa = XCConfigurationList;
			buildConfigurations = (
				3894B88D2271E0AD00F617EB /* Debug */,
				3894B88E2271E0AD00F617EB /* Release */,
			);
			defaultConfigurationIsVisible = 0;
			defaultConfigurationName = Release;
		};
		3894B88F2271E0AE00F617EB /* Build configuration list for PBXNativeTarget "TryParse" */ = {
			isa = XCConfigurationList;
			buildConfigurations = (
				3894B8902271E0AE00F617EB /* Debug */,
				3894B8912271E0AE00F617EB /* Release */,
			);
			defaultConfigurationIsVisible = 0;
			defaultConfigurationName = Release;
		};
/* End XCConfigurationList section */
	};
	rootObject = 3894B8752271E0A400F617EB /* Project object */;
}
